
Microsoft Visual Studio Solution File, Format Version 12.00
# Visual Studio Version 16
VisualStudioVersion = 16.0.30413.136
MinimumVisualStudioVersion = 10.0.40219.1
Project("{FAE04EC0-301F-11D3-BF4B-00C04F79EFBC}") = "WebApplication1", "WebApplication1.csproj", "{FEF7D9A6-B5C9-4607-8703-7F4B527D579F}"
EndProject
Project("{E53339B2-1760-4266-BCC7-CA923CBCF16C}") = "docker-compose", "docker-compose.dcproj", "{5AE817A4-9673-40A6-BC9F-FC014680E4F2}"
EndProject
Global
	GlobalSection(SolutionConfigurationPlatforms) = preSolution
		Debug|Any CPU = Debug|Any CPU
		Release|Any CPU = Release|Any CPU
	EndGlobalSection
	GlobalSection(ProjectConfigurationPlatforms) = postSolution
		{FEF7D9A6-B5C9-4607-8703-7F4B527D579F}.Debug|Any CPU.ActiveCfg = Debug|Any CPU
		{FEF7D9A6-B5C9-4607-8703-7F4B527D579F}.Debug|Any CPU.Build.0 = Debug|Any CPU
		{FEF7D9A6-B5C9-4607-8703-7F4B527D579F}.Release|Any CPU.ActiveCfg = Release|Any CPU
		{FEF7D9A6-B5C9-4607-8703-7F4B527D579F}.Release|Any CPU.Build.0 = Release|Any CPU
		{5AE817A4-9673-40A6-BC9F-FC014680E4F2}.Debug|Any CPU.ActiveCfg = Debug|Any CPU
		{5AE817A4-9673-40A6-BC9F-FC014680E4F2}.Debug|Any CPU.Build.0 = Debug|Any CPU
		{5AE817A4-9673-40A6-BC9F-FC014680E4F2}.Release|Any CPU.ActiveCfg = Release|Any CPU
		{5AE817A4-9673-40A6-BC9F-FC014680E4F2}.Release|Any CPU.Build.0 = Release|Any CPU
	EndGlobalSection
	GlobalSection(SolutionProperties) = preSolution
		HideSolutionNode = FALSE
	EndGlobalSection
	GlobalSection(ExtensibilityGlobals) = postSolution
		SolutionGuid = {0FF5CF38-6023-4C05-A5BB-97B64C103163}
	EndGlobalSection
EndGlobal
